
Microsoft Visual Studio Solution File, Format Version 12.00
# Visual Studio Version 17
VisualStudioVersion = 17.14.36811.4 d17.14
MinimumVisualStudioVersion = 10.0.40219.1
Project("{FAE04EC0-301F-11D3-BF4B-00C04F79EFBC}") = "SimplifierConsole", "SimplifierConsole.csproj", "{4CEE4262-26F3-40B5-B253-8212601D1A83}"
EndProject
Global
	GlobalSection(SolutionConfigurationPlatforms) = preSolution
		Debug|Any CPU = Debug|Any CPU
		Release|Any CPU = Release|Any CPU
	EndGlobalSection
	GlobalSection(ProjectConfigurationPlatforms) = postSolution
		{4CEE4262-26F3-40B5-B253-8212601D1A83}.Debug|Any CPU.ActiveCfg = Debug|Any CPU
		{4CEE4262-26F3-40B5-B253-8212601D1A83}.Debug|Any CPU.Build.0 = Debug|Any CPU
		{4CEE4262-26F3-40B5-B253-8212601D1A83}.Release|Any CPU.ActiveCfg = Release|Any CPU
		{4CEE4262-26F3-40B5-B253-8212601D1A83}.Release|Any CPU.Build.0 = Release|Any CPU
	EndGlobalSection
	GlobalSection(SolutionProperties) = preSolution
		HideSolutionNode = FALSE
	EndGlobalSection
	GlobalSection(ExtensibilityGlobals) = postSolution
		SolutionGuid = {6E089891-83C9-46C6-A271-65B0A6D325DC}
	EndGlobalSection
EndGlobal
